{
  "version": 4,
  "terraform_version": "1.7.3",
  "serial": 19,
  "lineage": "b590f2af-ee4f-0be6-1b41-c1866302598a",
  "outputs": {},
  "resources": [
    {
      "mode": "data",
      "type": "aws_iam_policy_document",
      "name": "lambda_policy_doc",
      "provider": "provider[\"registry.terraform.io/hashicorp/aws\"]",
      "instances": [
        {
          "schema_version": 0,
          "attributes": {
            "id": "3693445097",
            "json": "{\n  \"Version\": \"2012-10-17\",\n  \"Statement\": [\n    {\n      \"Sid\": \"\",\n      \"Effect\": \"Allow\",\n      \"Action\": \"sts:AssumeRole\",\n      \"Principal\": {\n        \"Service\": \"lambda.amazonaws.com\"\n      }\n    }\n  ]\n}",
            "override_json": null,
            "override_policy_documents": null,
            "policy_id": null,
            "source_json": null,
            "source_policy_documents": null,
            "statement": [
              {
                "actions": [
                  "sts:AssumeRole"
                ],
                "condition": [],
                "effect": "Allow",
                "not_actions": [],
                "not_principals": [],
                "not_resources": [],
                "principals": [
                  {
                    "identifiers": [
                      "lambda.amazonaws.com"
                    ],
                    "type": "Service"
                  }
                ],
                "resources": [],
                "sid": ""
              }
            ],
            "version": "2012-10-17"
          },
          "sensitive_attributes": []
        }
      ]
    },
    {
      "mode": "managed",
      "type": "aws_api_gateway_deployment",
      "name": "api_deployment",
      "provider": "provider[\"registry.terraform.io/hashicorp/aws\"]",
      "instances": [
        {
          "schema_version": 0,
          "attributes": {
            "created_date": "2024-04-12T21:52:01Z",
            "description": "",
            "execution_arn": "arn:aws:execute-api:us-west-2:752651706073:2xai4zk7uk/v1",
            "id": "vbcgk2",
            "invoke_url": "https://2xai4zk7uk.execute-api.us-west-2.amazonaws.com/v1",
            "rest_api_id": "2xai4zk7uk",
            "stage_description": null,
            "stage_name": "v1",
            "triggers": null,
            "variables": null
          },
          "sensitive_attributes": [],
          "private": "bnVsbA==",
          "dependencies": [
            "aws_api_gateway_integration.api_integration",
            "aws_api_gateway_method.api_method",
            "aws_api_gateway_resource.api_resource",
            "aws_api_gateway_rest_api.api_gateway",
            "aws_iam_role.lambda_execution_role",
            "aws_lambda_function.search_lambda",
            "data.aws_iam_policy_document.lambda_policy_doc"
          ]
        }
      ]
    },
    {
      "mode": "managed",
      "type": "aws_api_gateway_integration",
      "name": "api_integration",
      "provider": "provider[\"registry.terraform.io/hashicorp/aws\"]",
      "instances": [
        {
          "index_key": "author",
          "schema_version": 0,
          "attributes": {
            "cache_key_parameters": null,
            "cache_namespace": "jtp0ns",
            "connection_id": "",
            "connection_type": "INTERNET",
            "content_handling": "",
            "credentials": "",
            "http_method": "GET",
            "id": "agi-2xai4zk7uk-jtp0ns-GET",
            "integration_http_method": "POST",
            "passthrough_behavior": "WHEN_NO_MATCH",
            "request_parameters": null,
            "request_templates": null,
            "resource_id": "jtp0ns",
            "rest_api_id": "2xai4zk7uk",
            "timeout_milliseconds": 29000,
            "tls_config": [],
            "type": "AWS_PROXY",
            "uri": "arn:aws:apigateway:us-west-2:lambda:path/2015-03-31/functions/arn:aws:lambda:us-west-2:752651706073:function:LambdaAuthorSearch/invocations"
          },
          "sensitive_attributes": [],
          "private": "bnVsbA==",
          "dependencies": [
            "aws_api_gateway_method.api_method",
            "aws_api_gateway_resource.api_resource",
            "aws_api_gateway_rest_api.api_gateway",
            "aws_iam_role.lambda_execution_role",
            "aws_lambda_function.search_lambda",
            "data.aws_iam_policy_document.lambda_policy_doc"
          ]
        },
        {
          "index_key": "title",
          "schema_version": 0,
          "attributes": {
            "cache_key_parameters": null,
            "cache_namespace": "nnawea",
            "connection_id": "",
            "connection_type": "INTERNET",
            "content_handling": "",
            "credentials": "",
            "http_method": "GET",
            "id": "agi-2xai4zk7uk-nnawea-GET",
            "integration_http_method": "POST",
            "passthrough_behavior": "WHEN_NO_MATCH",
            "request_parameters": null,
            "request_templates": null,
            "resource_id": "nnawea",
            "rest_api_id": "2xai4zk7uk",
            "timeout_milliseconds": 29000,
            "tls_config": [],
            "type": "AWS_PROXY",
            "uri": "arn:aws:apigateway:us-west-2:lambda:path/2015-03-31/functions/arn:aws:lambda:us-west-2:752651706073:function:LambdaTitleSearch/invocations"
          },
          "sensitive_attributes": [],
          "private": "bnVsbA==",
          "dependencies": [
            "aws_api_gateway_method.api_method",
            "aws_api_gateway_resource.api_resource",
            "aws_api_gateway_rest_api.api_gateway",
            "aws_iam_role.lambda_execution_role",
            "aws_lambda_function.search_lambda",
            "data.aws_iam_policy_document.lambda_policy_doc"
          ]
        },
        {
          "index_key": "topic",
          "schema_version": 0,
          "attributes": {
            "cache_key_parameters": null,
            "cache_namespace": "ymuxxx",
            "connection_id": "",
            "connection_type": "INTERNET",
            "content_handling": "",
            "credentials": "",
            "http_method": "GET",
            "id": "agi-2xai4zk7uk-ymuxxx-GET",
            "integration_http_method": "POST",
            "passthrough_behavior": "WHEN_NO_MATCH",
            "request_parameters": null,
            "request_templates": null,
            "resource_id": "ymuxxx",
            "rest_api_id": "2xai4zk7uk",
            "timeout_milliseconds": 29000,
            "tls_config": [],
            "type": "AWS_PROXY",
            "uri": "arn:aws:apigateway:us-west-2:lambda:path/2015-03-31/functions/arn:aws:lambda:us-west-2:752651706073:function:LambdaTopicSearch/invocations"
          },
          "sensitive_attributes": [],
          "private": "bnVsbA==",
          "dependencies": [
            "aws_api_gateway_method.api_method",
            "aws_api_gateway_resource.api_resource",
            "aws_api_gateway_rest_api.api_gateway",
            "aws_iam_role.lambda_execution_role",
            "aws_lambda_function.search_lambda",
            "data.aws_iam_policy_document.lambda_policy_doc"
          ]
        }
      ]
    },
    {
      "mode": "managed",
      "type": "aws_api_gateway_method",
      "name": "api_method",
      "provider": "provider[\"registry.terraform.io/hashicorp/aws\"]",
      "instances": [
        {
          "index_key": "author",
          "schema_version": 0,
          "attributes": {
            "api_key_required": false,
            "authorization": "NONE",
            "authorization_scopes": null,
            "authorizer_id": null,
            "http_method": "GET",
            "id": "agm-2xai4zk7uk-jtp0ns-GET",
            "operation_name": null,
            "request_models": null,
            "request_parameters": null,
            "request_validator_id": null,
            "resource_id": "jtp0ns",
            "rest_api_id": "2xai4zk7uk"
          },
          "sensitive_attributes": [],
          "private": "bnVsbA==",
          "dependencies": [
            "aws_api_gateway_resource.api_resource",
            "aws_api_gateway_rest_api.api_gateway"
          ]
        },
        {
          "index_key": "title",
          "schema_version": 0,
          "attributes": {
            "api_key_required": false,
            "authorization": "NONE",
            "authorization_scopes": null,
            "authorizer_id": null,
            "http_method": "GET",
            "id": "agm-2xai4zk7uk-nnawea-GET",
            "operation_name": null,
            "request_models": null,
            "request_parameters": null,
            "request_validator_id": null,
            "resource_id": "nnawea",
            "rest_api_id": "2xai4zk7uk"
          },
          "sensitive_attributes": [],
          "private": "bnVsbA==",
          "dependencies": [
            "aws_api_gateway_resource.api_resource",
            "aws_api_gateway_rest_api.api_gateway"
          ]
        },
        {
          "index_key": "topic",
          "schema_version": 0,
          "attributes": {
            "api_key_required": false,
            "authorization": "NONE",
            "authorization_scopes": null,
            "authorizer_id": null,
            "http_method": "GET",
            "id": "agm-2xai4zk7uk-ymuxxx-GET",
            "operation_name": null,
            "request_models": null,
            "request_parameters": null,
            "request_validator_id": null,
            "resource_id": "ymuxxx",
            "rest_api_id": "2xai4zk7uk"
          },
          "sensitive_attributes": [],
          "private": "bnVsbA==",
          "dependencies": [
            "aws_api_gateway_resource.api_resource",
            "aws_api_gateway_rest_api.api_gateway"
          ]
        }
      ]
    },
    {
      "mode": "managed",
      "type": "aws_api_gateway_resource",
      "name": "api_resource",
      "provider": "provider[\"registry.terraform.io/hashicorp/aws\"]",
      "instances": [
        {
          "index_key": "author",
          "schema_version": 0,
          "attributes": {
            "id": "jtp0ns",
            "parent_id": "4uyksr7qei",
            "path": "/author",
            "path_part": "author",
            "rest_api_id": "2xai4zk7uk"
          },
          "sensitive_attributes": [],
          "private": "bnVsbA==",
          "dependencies": [
            "aws_api_gateway_rest_api.api_gateway"
          ]
        },
        {
          "index_key": "title",
          "schema_version": 0,
          "attributes": {
            "id": "nnawea",
            "parent_id": "4uyksr7qei",
            "path": "/title",
            "path_part": "title",
            "rest_api_id": "2xai4zk7uk"
          },
          "sensitive_attributes": [],
          "private": "bnVsbA==",
          "dependencies": [
            "aws_api_gateway_rest_api.api_gateway"
          ]
        },
        {
          "index_key": "topic",
          "schema_version": 0,
          "attributes": {
            "id": "ymuxxx",
            "parent_id": "4uyksr7qei",
            "path": "/topic",
            "path_part": "topic",
            "rest_api_id": "2xai4zk7uk"
          },
          "sensitive_attributes": [],
          "private": "bnVsbA==",
          "dependencies": [
            "aws_api_gateway_rest_api.api_gateway"
          ]
        }
      ]
    },
    {
      "mode": "managed",
      "type": "aws_api_gateway_rest_api",
      "name": "api_gateway",
      "provider": "provider[\"registry.terraform.io/hashicorp/aws\"]",
      "instances": [
        {
          "schema_version": 0,
          "attributes": {
            "api_key_source": "HEADER",
            "arn": "arn:aws:apigateway:us-west-2::/restapis/2xai4zk7uk",
            "binary_media_types": [],
            "body": null,
            "created_date": "2024-04-12T21:51:36Z",
            "description": "API Gateway for search functions",
            "disable_execute_api_endpoint": false,
            "endpoint_configuration": [
              {
                "types": [
                  "EDGE"
                ],
                "vpc_endpoint_ids": []
              }
            ],
            "execution_arn": "arn:aws:execute-api:us-west-2:752651706073:2xai4zk7uk",
            "fail_on_warnings": null,
            "id": "2xai4zk7uk",
            "minimum_compression_size": -1,
            "name": "SearchAPI",
            "parameters": null,
            "policy": "",
            "put_rest_api_mode": null,
            "root_resource_id": "4uyksr7qei",
            "tags": null,
            "tags_all": {}
          },
          "sensitive_attributes": [],
          "private": "bnVsbA=="
        }
      ]
    },
    {
      "mode": "managed",
      "type": "aws_iam_role",
      "name": "lambda_execution_role",
      "provider": "provider[\"registry.terraform.io/hashicorp/aws\"]",
      "instances": [
        {
          "schema_version": 0,
          "attributes": {
            "arn": "arn:aws:iam::752651706073:role/lambda_execution_role",
            "assume_role_policy": "{\"Statement\":[{\"Action\":\"sts:AssumeRole\",\"Effect\":\"Allow\",\"Principal\":{\"Service\":\"lambda.amazonaws.com\"},\"Sid\":\"\"}],\"Version\":\"2012-10-17\"}",
            "create_date": "2024-04-12T21:51:35Z",
            "description": "",
            "force_detach_policies": false,
            "id": "lambda_execution_role",
            "inline_policy": [],
            "managed_policy_arns": [],
            "max_session_duration": 3600,
            "name": "lambda_execution_role",
            "name_prefix": "",
            "path": "/",
            "permissions_boundary": null,
            "role_last_used": [
              {
                "last_used_date": "",
                "region": ""
              }
            ],
            "tags": null,
            "tags_all": {},
            "unique_id": "AROA26PMJT3M2ZNYJQABS"
          },
          "sensitive_attributes": [],
          "private": "bnVsbA==",
          "dependencies": [
            "data.aws_iam_policy_document.lambda_policy_doc"
          ]
        }
      ]
    },
    {
      "mode": "managed",
      "type": "aws_lambda_function",
      "name": "search_lambda",
      "provider": "provider[\"registry.terraform.io/hashicorp/aws\"]",
      "instances": [
        {
          "index_key": "author",
          "schema_version": 0,
          "attributes": {
            "architectures": [
              "x86_64"
            ],
            "arn": "arn:aws:lambda:us-west-2:752651706073:function:LambdaAuthorSearch",
            "code_signing_config_arn": "",
            "dead_letter_config": [],
            "description": "",
            "environment": [],
            "ephemeral_storage": [
              {
                "size": 512
              }
            ],
            "file_system_config": [],
            "filename": "/Users/jonahkunzler/CS204/204-final-project-JonahKunzler/target/module-14.jar",
            "function_name": "LambdaAuthorSearch",
            "handler": "app.net.lambda.AuthorSearchHandler::handleRequest",
            "id": "LambdaAuthorSearch",
            "image_config": [],
            "image_uri": "",
            "invoke_arn": "arn:aws:apigateway:us-west-2:lambda:path/2015-03-31/functions/arn:aws:lambda:us-west-2:752651706073:function:LambdaAuthorSearch/invocations",
            "kms_key_arn": "",
            "last_modified": "2024-04-12T21:51:50.462+0000",
            "layers": null,
            "memory_size": 128,
            "package_type": "Zip",
            "publish": false,
            "qualified_arn": "arn:aws:lambda:us-west-2:752651706073:function:LambdaAuthorSearch:$LATEST",
            "qualified_invoke_arn": "arn:aws:apigateway:us-west-2:lambda:path/2015-03-31/functions/arn:aws:lambda:us-west-2:752651706073:function:LambdaAuthorSearch:$LATEST/invocations",
            "replace_security_groups_on_destroy": null,
            "replacement_security_group_ids": null,
            "reserved_concurrent_executions": -1,
            "role": "arn:aws:iam::752651706073:role/lambda_execution_role",
            "runtime": "java17",
            "s3_bucket": null,
            "s3_key": null,
            "s3_object_version": null,
            "signing_job_arn": "",
            "signing_profile_version_arn": "",
            "skip_destroy": false,
            "snap_start": [],
            "source_code_hash": "iaRcknW2eFNADescX6n89P3T9U2i/bTEkjiVbpVdTyA=",
            "source_code_size": 22488,
            "tags": null,
            "tags_all": {},
            "timeout": 3,
            "timeouts": null,
            "tracing_config": [
              {
                "mode": "PassThrough"
              }
            ],
            "version": "$LATEST",
            "vpc_config": []
          },
          "sensitive_attributes": [],
          "private": "eyJlMmJmYjczMC1lY2FhLTExZTYtOGY4OC0zNDM2M2JjN2M0YzAiOnsiY3JlYXRlIjo2MDAwMDAwMDAwMDAsImRlbGV0ZSI6NjAwMDAwMDAwMDAwLCJ1cGRhdGUiOjYwMDAwMDAwMDAwMH19",
          "dependencies": [
            "aws_iam_role.lambda_execution_role",
            "data.aws_iam_policy_document.lambda_policy_doc"
          ]
        },
        {
          "index_key": "title",
          "schema_version": 0,
          "attributes": {
            "architectures": [
              "x86_64"
            ],
            "arn": "arn:aws:lambda:us-west-2:752651706073:function:LambdaTitleSearch",
            "code_signing_config_arn": "",
            "dead_letter_config": [],
            "description": "",
            "environment": [],
            "ephemeral_storage": [
              {
                "size": 512
              }
            ],
            "file_system_config": [],
            "filename": "/Users/jonahkunzler/CS204/204-final-project-JonahKunzler/target/module-14.jar",
            "function_name": "LambdaTitleSearch",
            "handler": "app.net.lambda.TitleSearchHandler::handleRequest",
            "id": "LambdaTitleSearch",
            "image_config": [],
            "image_uri": "",
            "invoke_arn": "arn:aws:apigateway:us-west-2:lambda:path/2015-03-31/functions/arn:aws:lambda:us-west-2:752651706073:function:LambdaTitleSearch/invocations",
            "kms_key_arn": "",
            "last_modified": "2024-04-12T21:51:44.796+0000",
            "layers": null,
            "memory_size": 128,
            "package_type": "Zip",
            "publish": false,
            "qualified_arn": "arn:aws:lambda:us-west-2:752651706073:function:LambdaTitleSearch:$LATEST",
            "qualified_invoke_arn": "arn:aws:apigateway:us-west-2:lambda:path/2015-03-31/functions/arn:aws:lambda:us-west-2:752651706073:function:LambdaTitleSearch:$LATEST/invocations",
            "replace_security_groups_on_destroy": null,
            "replacement_security_group_ids": null,
            "reserved_concurrent_executions": -1,
            "role": "arn:aws:iam::752651706073:role/lambda_execution_role",
            "runtime": "java17",
            "s3_bucket": null,
            "s3_key": null,
            "s3_object_version": null,
            "signing_job_arn": "",
            "signing_profile_version_arn": "",
            "skip_destroy": false,
            "snap_start": [],
            "source_code_hash": "iaRcknW2eFNADescX6n89P3T9U2i/bTEkjiVbpVdTyA=",
            "source_code_size": 22488,
            "tags": null,
            "tags_all": {},
            "timeout": 3,
            "timeouts": null,
            "tracing_config": [
              {
                "mode": "PassThrough"
              }
            ],
            "version": "$LATEST",
            "vpc_config": []
          },
          "sensitive_attributes": [],
          "private": "eyJlMmJmYjczMC1lY2FhLTExZTYtOGY4OC0zNDM2M2JjN2M0YzAiOnsiY3JlYXRlIjo2MDAwMDAwMDAwMDAsImRlbGV0ZSI6NjAwMDAwMDAwMDAwLCJ1cGRhdGUiOjYwMDAwMDAwMDAwMH19",
          "dependencies": [
            "aws_iam_role.lambda_execution_role",
            "data.aws_iam_policy_document.lambda_policy_doc"
          ]
        },
        {
          "index_key": "topic",
          "schema_version": 0,
          "attributes": {
            "architectures": [
              "x86_64"
            ],
            "arn": "arn:aws:lambda:us-west-2:752651706073:function:LambdaTopicSearch",
            "code_signing_config_arn": "",
            "dead_letter_config": [],
            "description": "",
            "environment": [],
            "ephemeral_storage": [
              {
                "size": 512
              }
            ],
            "file_system_config": [],
            "filename": "/Users/jonahkunzler/CS204/204-final-project-JonahKunzler/target/module-14.jar",
            "function_name": "LambdaTopicSearch",
            "handler": "app.net.lambda.TopicSearchHandler::handleRequest",
            "id": "LambdaTopicSearch",
            "image_config": [],
            "image_uri": "",
            "invoke_arn": "arn:aws:apigateway:us-west-2:lambda:path/2015-03-31/functions/arn:aws:lambda:us-west-2:752651706073:function:LambdaTopicSearch/invocations",
            "kms_key_arn": "",
            "last_modified": "2024-04-12T21:51:56.036+0000",
            "layers": null,
            "memory_size": 128,
            "package_type": "Zip",
            "publish": false,
            "qualified_arn": "arn:aws:lambda:us-west-2:752651706073:function:LambdaTopicSearch:$LATEST",
            "qualified_invoke_arn": "arn:aws:apigateway:us-west-2:lambda:path/2015-03-31/functions/arn:aws:lambda:us-west-2:752651706073:function:LambdaTopicSearch:$LATEST/invocations",
            "replace_security_groups_on_destroy": null,
            "replacement_security_group_ids": null,
            "reserved_concurrent_executions": -1,
            "role": "arn:aws:iam::752651706073:role/lambda_execution_role",
            "runtime": "java17",
            "s3_bucket": null,
            "s3_key": null,
            "s3_object_version": null,
            "signing_job_arn": "",
            "signing_profile_version_arn": "",
            "skip_destroy": false,
            "snap_start": [],
            "source_code_hash": "iaRcknW2eFNADescX6n89P3T9U2i/bTEkjiVbpVdTyA=",
            "source_code_size": 22488,
            "tags": null,
            "tags_all": {},
            "timeout": 3,
            "timeouts": null,
            "tracing_config": [
              {
                "mode": "PassThrough"
              }
            ],
            "version": "$LATEST",
            "vpc_config": []
          },
          "sensitive_attributes": [],
          "private": "eyJlMmJmYjczMC1lY2FhLTExZTYtOGY4OC0zNDM2M2JjN2M0YzAiOnsiY3JlYXRlIjo2MDAwMDAwMDAwMDAsImRlbGV0ZSI6NjAwMDAwMDAwMDAwLCJ1cGRhdGUiOjYwMDAwMDAwMDAwMH19",
          "dependencies": [
            "aws_iam_role.lambda_execution_role",
            "data.aws_iam_policy_document.lambda_policy_doc"
          ]
        }
      ]
    },
    {
      "mode": "managed",
      "type": "aws_lambda_permission",
      "name": "api_lambda_permission",
      "provider": "provider[\"registry.terraform.io/hashicorp/aws\"]",
      "instances": [
        {
          "index_key": "author",
          "schema_version": 0,
          "attributes": {
            "action": "lambda:InvokeFunction",
            "event_source_token": null,
            "function_name": "LambdaAuthorSearch",
            "function_url_auth_type": null,
            "id": "terraform-20240412215201526700000001",
            "principal": "apigateway.amazonaws.com",
            "principal_org_id": null,
            "qualifier": "",
            "source_account": null,
            "source_arn": "arn:aws:execute-api:us-west-2:752651706073:2xai4zk7uk/*/GET/author",
            "statement_id": "terraform-20240412215201526700000001",
            "statement_id_prefix": "terraform-"
          },
          "sensitive_attributes": [],
          "private": "bnVsbA==",
          "dependencies": [
            "aws_api_gateway_method.api_method",
            "aws_api_gateway_resource.api_resource",
            "aws_api_gateway_rest_api.api_gateway",
            "aws_iam_role.lambda_execution_role",
            "aws_lambda_function.search_lambda",
            "data.aws_iam_policy_document.lambda_policy_doc"
          ]
        },
        {
          "index_key": "title",
          "schema_version": 0,
          "attributes": {
            "action": "lambda:InvokeFunction",
            "event_source_token": null,
            "function_name": "LambdaTitleSearch",
            "function_url_auth_type": null,
            "id": "terraform-20240412215201528700000003",
            "principal": "apigateway.amazonaws.com",
            "principal_org_id": null,
            "qualifier": "",
            "source_account": null,
            "source_arn": "arn:aws:execute-api:us-west-2:752651706073:2xai4zk7uk/*/GET/title",
            "statement_id": "terraform-20240412215201528700000003",
            "statement_id_prefix": "terraform-"
          },
          "sensitive_attributes": [],
          "private": "bnVsbA==",
          "dependencies": [
            "aws_api_gateway_method.api_method",
            "aws_api_gateway_resource.api_resource",
            "aws_api_gateway_rest_api.api_gateway",
            "aws_iam_role.lambda_execution_role",
            "aws_lambda_function.search_lambda",
            "data.aws_iam_policy_document.lambda_policy_doc"
          ]
        },
        {
          "index_key": "topic",
          "schema_version": 0,
          "attributes": {
            "action": "lambda:InvokeFunction",
            "event_source_token": null,
            "function_name": "LambdaTopicSearch",
            "function_url_auth_type": null,
            "id": "terraform-20240412215201527800000002",
            "principal": "apigateway.amazonaws.com",
            "principal_org_id": null,
            "qualifier": "",
            "source_account": null,
            "source_arn": "arn:aws:execute-api:us-west-2:752651706073:2xai4zk7uk/*/GET/topic",
            "statement_id": "terraform-20240412215201527800000002",
            "statement_id_prefix": "terraform-"
          },
          "sensitive_attributes": [],
          "private": "bnVsbA==",
          "dependencies": [
            "aws_api_gateway_method.api_method",
            "aws_api_gateway_resource.api_resource",
            "aws_api_gateway_rest_api.api_gateway",
            "aws_iam_role.lambda_execution_role",
            "aws_lambda_function.search_lambda",
            "data.aws_iam_policy_document.lambda_policy_doc"
          ]
        }
      ]
    }
  ],
  "check_results": null
}
